
Microsoft Visual Studio Solution File, Format Version 12.00
# Visual Studio Version 17
VisualStudioVersion = 17.4.33015.44
MinimumVisualStudioVersion = 10.0.40219.1
Project("{FAE04EC0-301F-11D3-BF4B-00C04F79EFBC}") = "ERoseWebAPI", "ERoseWebAPI\ERoseWebAPI.csproj", "{A7C0C3CB-F454-47D1-8D68-B66C6700BBC9}"
EndProject
Global
	GlobalSection(SolutionConfigurationPlatforms) = preSolution
		Debug|Any CPU = Debug|Any CPU
		Release|Any CPU = Release|Any CPU
	EndGlobalSection
	GlobalSection(ProjectConfigurationPlatforms) = postSolution
		{A7C0C3CB-F454-47D1-8D68-B66C6700BBC9}.Debug|Any CPU.ActiveCfg = Debug|Any CPU
		{A7C0C3CB-F454-47D1-8D68-B66C6700BBC9}.Debug|Any CPU.Build.0 = Debug|Any CPU
		{A7C0C3CB-F454-47D1-8D68-B66C6700BBC9}.Release|Any CPU.ActiveCfg = Release|Any CPU
		{A7C0C3CB-F454-47D1-8D68-B66C6700BBC9}.Release|Any CPU.Build.0 = Release|Any CPU
	EndGlobalSection
	GlobalSection(SolutionProperties) = preSolution
		HideSolutionNode = FALSE
	EndGlobalSection
	GlobalSection(ExtensibilityGlobals) = postSolution
		SolutionGuid = {49BE8025-43E7-4ADA-BA4E-690F2C5E2DC6}
	EndGlobalSection
EndGlobal
